
Microsoft Visual Studio Solution File, Format Version 12.00
# Visual Studio 15
VisualStudioVersion = 15.0.28307.572
MinimumVisualStudioVersion = 10.0.40219.1
Project("{FAE04EC0-301F-11D3-BF4B-00C04F79EFBC}") = "NfastPlatform.Extensions", "NfastPlatform.Extensions\NfastPlatform.Extensions.csproj", "{F13D7B28-EAA7-4853-B1FB-FBCDA6F8BD85}"
EndProject
Global
	GlobalSection(SolutionConfigurationPlatforms) = preSolution
		Debug|Any CPU = Debug|Any CPU
		Release|Any CPU = Release|Any CPU
	EndGlobalSection
	GlobalSection(ProjectConfigurationPlatforms) = postSolution
		{F13D7B28-EAA7-4853-B1FB-FBCDA6F8BD85}.Debug|Any CPU.ActiveCfg = Debug|Any CPU
		{F13D7B28-EAA7-4853-B1FB-FBCDA6F8BD85}.Debug|Any CPU.Build.0 = Debug|Any CPU
		{F13D7B28-EAA7-4853-B1FB-FBCDA6F8BD85}.Release|Any CPU.ActiveCfg = Release|Any CPU
		{F13D7B28-EAA7-4853-B1FB-FBCDA6F8BD85}.Release|Any CPU.Build.0 = Release|Any CPU
	EndGlobalSection
	GlobalSection(SolutionProperties) = preSolution
		HideSolutionNode = FALSE
	EndGlobalSection
	GlobalSection(ExtensibilityGlobals) = postSolution
		SolutionGuid = {FEF9CB84-AF3D-4299-A895-B54FF2B18F92}
	EndGlobalSection
EndGlobal
